# This file is autogenerated, do not edit; changes may be undone by the next 'dep ensure'.


[[projects]]
  digest = "1:320e7ead93de9fd2b0e59b50fd92a4d50c1f8ab455d96bc2eb083267453a9709"
  name = "github.com/asaskevich/govalidator"
  packages = ["."]
  pruneopts = "UT"
  revision = "ccb8e960c48f04d6935e72476ae4a51028f9e22f"
  version = "v9"

[[projects]]
  digest = "1:ec6f9bf5e274c833c911923c9193867f3f18788c461f76f05f62bb1510e0ae65"
  name = "github.com/go-sql-driver/mysql"
  packages = ["."]
  pruneopts = "UT"
  revision = "72cd26f257d44c1114970e19afddcd812016007e"
  version = "v1.4.1"

[[projects]]
  digest = "1:c79fb010be38a59d657c48c6ba1d003a8aa651fa56b579d959d74573b7dff8e1"
  name = "github.com/gorilla/context"
  packages = ["."]
  pruneopts = "UT"
  revision = "08b5f424b9271eedf6f9f0ce86cb9396ed337a42"
  version = "v1.1.1"

[[projects]]
  digest = "1:e72d1ebb8d395cf9f346fd9cbc652e5ae222dd85e0ac842dc57f175abed6d195"
  name = "github.com/gorilla/securecookie"
  packages = ["."]
  pruneopts = "UT"
  revision = "e59506cc896acb7f7bf732d4fdf5e25f7ccd8983"
  version = "v1.1.1"

[[projects]]
  digest = "1:172c862eabc72e90f461bcef223c49869628bec6d989386dfb03281ae3222148"
  name = "github.com/gorilla/sessions"
  packages = ["."]
  pruneopts = "UT"
  revision = "4355a998706e83fe1d71c31b07af94e34f68d74a"
  version = "v1.2.0"

[[projects]]
  digest = "1:f1aee5f2f8d6514f3b9224cbbd87990e57e544ac162081c3ac7d08edfae33528"
  name = "github.com/gosimple/slug"
  packages = ["."]
  pruneopts = "UT"
  revision = "ec8fb677f0647081580e5f3290dca1bd75af54fb"
  version = "v1.6.0"

[[projects]]
  digest = "1:09424e4abeba1d2fc80c47c26347a3eed24f9cfd83173131dd048479ca6e041a"
  name = "github.com/jinzhu/gorm"
  packages = ["."]
  pruneopts = "UT"
  revision = "836fb2c19d84dac7b0272958dfb9af7cf0d0ade4"
  version = "v1.9.10"

[[projects]]
  digest = "1:01ed62f8f4f574d8aff1d88caee113700a2b44c42351943fa73cc1808f736a50"
  name = "github.com/jinzhu/inflection"
  packages = ["."]
  pruneopts = "UT"
  revision = "f5c5f50e6090ae76a29240b61ae2a90dd810112e"
  version = "v1.0.0"

[[projects]]
  digest = "1:e668ebc4cec3a084c222b4255a1565ee652614f029a7b2f4b1bc9557565ed473"
  name = "github.com/jinzhu/now"
  packages = ["."]
  pruneopts = "UT"
  revision = "1a6fdd4591d336a897120c50c69ed3c0e8033468"
  version = "v1.0.1"

[[projects]]
  digest = "1:ca955a9cd5b50b0f43d2cc3aeb35c951473eeca41b34eb67507f1dbcc0542394"
  name = "github.com/kr/pretty"
  packages = ["."]
  pruneopts = "UT"
  revision = "73f6ac0b30a98e433b289500d779f50c1a6f0712"
  version = "v0.1.0"

[[projects]]
  digest = "1:15b5cc79aad436d47019f814fde81a10221c740dc8ddf769221a65097fb6c2e9"
  name = "github.com/kr/text"
  packages = ["."]
  pruneopts = "UT"
  revision = "e2ffdb16a802fe2bb95e2e35ff34f0e53aeef34f"
  version = "v0.1.0"

[[projects]]
  digest = "1:12cb143f2148bf54bcd9fe622abac17325e85eeb1d84b8ec6caf1c80232108fd"
  name = "github.com/lib/pq"
  packages = [
    ".",
    "oid",
    "scram",
  ]
  pruneopts = "UT"
  revision = "3427c32cb71afc948325f299f040e53c1dd78979"
  version = "v1.2.0"

[[projects]]
  digest = "1:79e87abf06b873987dee86598950f5b51732ac454d5a5cab6445a14330e6c9e3"
  name = "github.com/mattn/go-sqlite3"
  packages = ["."]
  pruneopts = "UT"
  revision = "b612a2feea6aa87c6d052d9086572551df06497e"
  version = "v1.11.0"

[[projects]]
  digest = "1:6ff1026b8d873d074ddec82ad60bb0eb537dc013f456ef26b63d30beba2f99e7"
  name = "github.com/microcosm-cc/bluemonday"
  packages = ["."]
  pruneopts = "UT"
  revision = "506f3da9b7c86d737e91f16b7431df8635871552"
  version = "v1.0.2"

[[projects]]
  digest = "1:88dfda28c9738dd59becb9bbc449120ecef8b1d54e32e6004654bb66e51ef897"
  name = "github.com/qor/admin"
  packages = ["."]
  pruneopts = "UT"
  revision = "b2f472167d028a04c736b4a2477d7cce1e578b8f"
  version = "v1.1"

[[projects]]
  branch = "master"
  digest = "1:d2bdad175842f83799e02819fa718858ebde6f8704101a7dfa0a4a8e8742e587"
  name = "github.com/qor/assetfs"
  packages = ["."]
  pruneopts = "UT"
  revision = "ff57fdc13a148d39c3e930cb27c7eaf82e376891"

[[projects]]
  digest = "1:810e030da1090675a7f04c88e6de987dfc8cf1236d502dd0b5fb63cd6cc58481"
  name = "github.com/qor/audited"
  packages = ["."]
  pruneopts = "UT"
  revision = "b52c9c2f0571fc6e56dcdf2b7d3ae36d124602d4"
  version = "v1.1"

[[projects]]
  branch = "master"
  digest = "1:d221e9b7e68759e27735dd1929cc37c916eb814cc5ef5bacf533d47d1ca55ff1"
  name = "github.com/qor/middlewares"
  packages = ["."]
  pruneopts = "UT"
  revision = "781378b69454a545d08058d8154aca40d079e7ab"

[[projects]]
  digest = "1:c73a87458c312b93bc077f5ac1c60e082330990a5e9c76e1dd36abbf72b93866"
  name = "github.com/qor/qor"
  packages = [
    ".",
    "resource",
    "test/utils",
    "utils",
  ]
  pruneopts = "UT"
  revision = "186b0237364b23ebbe564d0764c5b8523c953575"
  version = "v1.1"

[[projects]]
  digest = "1:1b90231d81fce4a2c61be9bbae0e6cc35556ab7bf87e574e9dc334a1985125df"
  name = "github.com/qor/responder"
  packages = ["."]
  pruneopts = "UT"
  revision = "b6def473574f621fee316696ad120d4fbf470826"
  version = "v1.1"

[[projects]]
  digest = "1:be8425925ff99bd3fb026add07beb8069fed5c8e199b1cd55a871f832d9f6688"
  name = "github.com/qor/roles"
  packages = ["."]
  pruneopts = "UT"
  revision = "d6375609fe3e5da46ad3a574fae244fb633e79c1"
  version = "v1.1"

[[projects]]
  branch = "master"
  digest = "1:b4e301b2efbd1820b3fcd612e86429ed64e1ddf159cd41ffdcd67947c1235180"
  name = "github.com/qor/session"
  packages = [
    ".",
    "gorilla",
    "manager",
  ]
  pruneopts = "UT"
  revision = "8206b0adab706a6ef3ee6fabba2584d34429a26a"

[[projects]]
  digest = "1:c678ac04f0114299ce7d03817c57470fec0ee23f1f547fcb95a6979e72c7a88f"
  name = "github.com/qor/transition"
  packages = ["."]
  pruneopts = "UT"
  revision = "4015a3eee19c49a63b1d22beab1c0c084e72c53b"
  version = "v1.1"

[[projects]]
  digest = "1:85cb5adb402858878704bc087b8f74fb12d1e56bddbba38e3d94693a14ad93f4"
  name = "github.com/qor/validations"
  packages = ["."]
  pruneopts = "UT"
  revision = "f364bca61b46bd48a5e32552a37758864fdf005d"
  version = "v1.1"

[[projects]]
  branch = "master"
  digest = "1:e6a29574542c00bb18adb1bfbe629ff88c468c2af2e2e953d3e58eda07165086"
  name = "github.com/rainycape/unidecode"
  packages = ["."]
  pruneopts = "UT"
  revision = "cb7f23ec59bec0d61b19c56cd88cee3d0cc1870c"

[[projects]]
  branch = "master"
  digest = "1:4b0666e7398b9b64deee136f063d9caf0a58a7de52a1ab6540664615b38054ec"
  name = "github.com/theplant/cldr"
  packages = ["."]
  pruneopts = "UT"
  revision = "9f76f7ce4ee8058b01f92739cf0d0cceaeda3cb2"

[[projects]]
  branch = "master"
  digest = "1:d7b978a787736537d0ad2f84c0e8b75b05c2febef0537198e28edf1cf2768afd"
  name = "golang.org/x/net"
  packages = [
    "html",
    "html/atom",
  ]
  pruneopts = "UT"
  revision = "ca1201d0de80cfde86cb01aea620983605dfe99b"

[[projects]]
  digest = "1:0ef29e23f08c35063b927bb74abfd6d4948085f7a31774be9b94cd23be09e7f3"
  name = "golang.org/x/text"
  packages = [
    "internal/gen",
    "unicode/cldr",
  ]
  pruneopts = "UT"
  revision = "342b2e1fbaa52c93f31447ad2c6abc048c63e475"
  version = "v0.3.2"

[[projects]]
  digest = "1:c25289f43ac4a68d88b02245742347c94f1e108c534dda442188015ff80669b3"
  name = "google.golang.org/appengine"
  packages = ["cloudsql"]
  pruneopts = "UT"
  revision = "b2f4a3cf3c67576a2ee09e1fe62656a5086ce880"
  version = "v1.6.1"

[[projects]]
  digest = "1:4d2e5a73dc1500038e504a8d78b986630e3626dc027bc030ba5c75da257cdb96"
  name = "gopkg.in/yaml.v2"
  packages = ["."]
  pruneopts = "UT"
  revision = "51d6538a90f86fe93ac480b35f37b2be17fef232"
  version = "v2.2.2"

[solve-meta]
  analyzer-name = "dep"
  analyzer-version = 1
  input-imports = [
    "github.com/jinzhu/gorm",
    "github.com/mattn/go-sqlite3",
    "github.com/qor/admin",
    "github.com/qor/audited",
    "github.com/qor/qor/resource",
    "github.com/qor/qor/test/utils",
    "github.com/qor/roles",
    "github.com/qor/transition",
  ]
  solver-name = "gps-cdcl"
  solver-version = 1
